
Microsoft Visual Studio Solution File, Format Version 12.00
# Visual Studio Version 17
VisualStudioVersion = 17.8.34330.188
MinimumVisualStudioVersion = 10.0.40219.1
Project("{FAE04EC0-301F-11D3-BF4B-00C04F79EFBC}") = "Backend", "Backend\Backend.csproj", "{BBDA4F60-6730-48FE-8B37-2CD6650E0404}"
EndProject
Global
	GlobalSection(SolutionConfigurationPlatforms) = preSolution
		Debug|Any CPU = Debug|Any CPU
		Release|Any CPU = Release|Any CPU
	EndGlobalSection
	GlobalSection(ProjectConfigurationPlatforms) = postSolution
		{BBDA4F60-6730-48FE-8B37-2CD6650E0404}.Debug|Any CPU.ActiveCfg = Debug|Any CPU
		{BBDA4F60-6730-48FE-8B37-2CD6650E0404}.Debug|Any CPU.Build.0 = Debug|Any CPU
		{BBDA4F60-6730-48FE-8B37-2CD6650E0404}.Release|Any CPU.ActiveCfg = Release|Any CPU
		{BBDA4F60-6730-48FE-8B37-2CD6650E0404}.Release|Any CPU.Build.0 = Release|Any CPU
	EndGlobalSection
	GlobalSection(SolutionProperties) = preSolution
		HideSolutionNode = FALSE
	EndGlobalSection
	GlobalSection(ExtensibilityGlobals) = postSolution
		SolutionGuid = {C48EDBB2-5230-484D-BE53-E7E3D4F03319}
	EndGlobalSection
EndGlobal
